
Microsoft Visual Studio Solution File, Format Version 12.00
# Visual Studio Version 17
VisualStudioVersion = 17.11.35303.130
MinimumVisualStudioVersion = 10.0.40219.1
Project("{8BC9CEB8-8B4A-11D0-8D11-00A0C91BC942}") = "Ray-Tracing", "Ray-Tracing\Ray-Tracing.vcxproj", "{FE41F7C2-2B61-4F66-83D9-84A3BD161001}"
EndProject
Global
	GlobalSection(SolutionConfigurationPlatforms) = preSolution
		Debug|x64 = Debug|x64
		Debug|x86 = Debug|x86
		Release|x64 = Release|x64
		Release|x86 = Release|x86
	EndGlobalSection
	GlobalSection(ProjectConfigurationPlatforms) = postSolution
		{FE41F7C2-2B61-4F66-83D9-84A3BD161001}.Debug|x64.ActiveCfg = Debug|x64
		{FE41F7C2-2B61-4F66-83D9-84A3BD161001}.Debug|x64.Build.0 = Debug|x64
		{FE41F7C2-2B61-4F66-83D9-84A3BD161001}.Debug|x86.ActiveCfg = Debug|Win32
		{FE41F7C2-2B61-4F66-83D9-84A3BD161001}.Debug|x86.Build.0 = Debug|Win32
		{FE41F7C2-2B61-4F66-83D9-84A3BD161001}.Release|x64.ActiveCfg = Release|x64
		{FE41F7C2-2B61-4F66-83D9-84A3BD161001}.Release|x64.Build.0 = Release|x64
		{FE41F7C2-2B61-4F66-83D9-84A3BD161001}.Release|x86.ActiveCfg = Release|Win32
		{FE41F7C2-2B61-4F66-83D9-84A3BD161001}.Release|x86.Build.0 = Release|Win32
	EndGlobalSection
	GlobalSection(SolutionProperties) = preSolution
		HideSolutionNode = FALSE
	EndGlobalSection
	GlobalSection(ExtensibilityGlobals) = postSolution
		SolutionGuid = {16D20A20-E59E-4246-BCF4-36E3281A9F8D}
	EndGlobalSection
EndGlobal
